<Solution>
  <Project Path="TrafficHunt.Application/TrafficHunt.Application.csproj" />
  <Project Path="TrafficHunt.Domain/TrafficHunt.Domain.csproj" />
  <Project Path="TrafficHunt.Form/TrafficHunt.Form.csproj" />
  <Project Path="TrafficHunt.Infrastructure/TrafficHunt.Infrastructure.csproj" />
  <Project Path="TrafficHunt.Maui/TrafficHunt.Maui.csproj" />
</Solution>
